
Microsoft Visual Studio Solution File, Format Version 12.00
# Visual Studio Version 16
VisualStudioVersion = 16.0.28729.10
MinimumVisualStudioVersion = 10.0.40219.1
Project("{F184B08F-C81C-45F6-A57F-5ABD9991F28F}") = "LocalDepositProject", "LocalDepositProject\LocalDepositProject.vbproj", "{8D300718-573D-4E55-8833-8A8422AD0E6D}"
EndProject
Global
	GlobalSection(SolutionConfigurationPlatforms) = preSolution
		Debug|Any CPU = Debug|Any CPU
		Release|Any CPU = Release|Any CPU
	EndGlobalSection
	GlobalSection(ProjectConfigurationPlatforms) = postSolution
		{8D300718-573D-4E55-8833-8A8422AD0E6D}.Debug|Any CPU.ActiveCfg = Debug|Any CPU
		{8D300718-573D-4E55-8833-8A8422AD0E6D}.Debug|Any CPU.Build.0 = Debug|Any CPU
		{8D300718-573D-4E55-8833-8A8422AD0E6D}.Release|Any CPU.ActiveCfg = Release|Any CPU
		{8D300718-573D-4E55-8833-8A8422AD0E6D}.Release|Any CPU.Build.0 = Release|Any CPU
	EndGlobalSection
	GlobalSection(SolutionProperties) = preSolution
		HideSolutionNode = FALSE
	EndGlobalSection
	GlobalSection(ExtensibilityGlobals) = postSolution
		SolutionGuid = {AB4CA0A5-F6D8-4186-8C62-627826C631CC}
	EndGlobalSection
EndGlobal
